<?xml version="1.0" encoding="utf-8"?>
<Project ToolsVersion="4.0" xmlns="http://schemas.microsoft.com/developer/msbuild/2003">
  <ItemGroup>
    <ClCompile Include="Communicator.cpp" />
    <ClCompile Include="JsonRequestPacketDeserializer.cpp" />
    <ClCompile Include="LoginRequestHandler.cpp" />
    <ClCompile Include="MenuRequestHandler.cpp" />
    <ClCompile Include="JsonResponsePacketSerializer.cpp" />
    <ClCompile Include="test.cpp" />
    <ClCompile Include="WSAInitializer.cpp" />
    <ClCompile Include="Server.cpp" />
    <ClCompile Include="RequestHandlerFactory.cpp" />
  </ItemGroup>
  <ItemGroup>
    <ClInclude Include="Communicator.h" />
    <ClInclude Include="Globals.h" />
    <ClInclude Include="IRequestHandler.h" />
    <ClInclude Include="json.hpp" />
    <ClInclude Include="JsonRequestPacketDeserializer.h" />
    <ClInclude Include="LoginRequestHandler.h" />
    <ClInclude Include="MenuRequestHandler.h" />
    <ClInclude Include="Requests.h" />
    <ClInclude Include="JsonResponsePacketSerializer.h" />
    <ClInclude Include="Responses.h" />
    <ClInclude Include="Server.h" />
    <ClInclude Include="WSAInitializer.h" />
    <ClInclude Include="RequestHandlerFactory.h" />
  </ItemGroup>
</Project>